// !$*UTF8*$!
{
	archiveVersion = 1;
	classes = {
	};
	objectVersion = 46;
	objects = {

/* Begin PBXBuildFile section */
		04E1226E1EA73D6B0078CDE8 /* main.m in Sources */ = {isa = PBXBuildFile; fileRef = 04E1226D1EA73D6B0078CDE8 /* main.m */; };
		04E122711EA73D6B0078CDE8 /* AppDelegate.m in Sources */ = {isa = PBXBuildFile; fileRef = 04E122701EA73D6B0078CDE8 /* AppDelegate.m */; };
		04E122741EA73D6B0078CDE8 /* ViewController.m in Sources */ = {isa = PBXBuildFile; fileRef = 04E122731EA73D6B0078CDE8 /* ViewController.m */; };
		04E122771EA73D6B0078CDE8 /* Main.storyboard in Resources */ = {isa = PBXBuildFile; fileRef = 04E122751EA73D6B0078CDE8 /* Main.storyboard */; };
		04E122791EA73D6B0078CDE8 /* Assets.xcassets in Resources */ = {isa = PBXBuildFile; fileRef = 04E122781EA73D6B0078CDE8 /* Assets.xcassets */; };
		04E1227C1EA73D6B0078CDE8 /* LaunchScreen.storyboard in Resources */ = {isa = PBXBuildFile; fileRef = 04E1227A1EA73D6B0078CDE8 /* LaunchScreen.storyboard */; };
		04E122871EA73D6C0078CDE8 /* DrawStringTests.m in Sources */ = {isa = PBXBuildFile; fileRef = 04E122861EA73D6C0078CDE8 /* DrawStringTests.m */; };
		04E122921EA73D6C0078CDE8 /* DrawStringUITests.m in Sources */ = {isa = PBXBuildFile; fileRef = 04E122911EA73D6C0078CDE8 /* DrawStringUITests.m */; };
		04E122A11EA73DE20078CDE8 /* AnimationLayer.m in Sources */ = {isa = PBXBuildFile; fileRef = 04E122A01EA73DE20078CDE8 /* AnimationLayer.m */; };
		04E122A51EA73F500078CDE8 /* 23.jpg in Resources */ = {isa = PBXBuildFile; fileRef = 04E122A31EA73F500078CDE8 /* 23.jpg */; };
		04E122A61EA73F500078CDE8 /* noun_project_347_2.png in Resources */ = {isa = PBXBuildFile; fileRef = 04E122A41EA73F500078CDE8 /* noun_project_347_2.png */; };
		04E122A91EA740270078CDE8 /* CoreGraphics.framework in Frameworks */ = {isa = PBXBuildFile; fileRef = 04E122A81EA740270078CDE8 /* CoreGraphics.framework */; };
/* End PBXBuildFile section */

/* Begin PBXContainerItemProxy section */
		04E122831EA73D6C0078CDE8 /* PBXContainerItemProxy */ = {
			isa = PBXContainerItemProxy;
			containerPortal = 04E122611EA73D6B0078CDE8 /* Project object */;
			proxyType = 1;
			remoteGlobalIDString = 04E122681EA73D6B0078CDE8;
			remoteInfo = DrawString;
		};
		04E1228E1EA73D6C0078CDE8 /* PBXContainerItemProxy */ = {
			isa = PBXContainerItemProxy;
			containerPortal = 04E122611EA73D6B0078CDE8 /* Project object */;
			proxyType = 1;
			remoteGlobalIDString = 04E122681EA73D6B0078CDE8;
			remoteInfo = DrawString;
		};
/* End PBXContainerItemProxy section */

/* Begin PBXFileReference section */
		04E122691EA73D6B0078CDE8 /* DrawString.app */ = {isa = PBXFileReference; explicitFileType = wrapper.application; includeInIndex = 0; path = DrawString.app; sourceTree = BUILT_PRODUCTS_DIR; };
		04E1226D1EA73D6B0078CDE8 /* main.m */ = {isa = PBXFileReference; lastKnownFileType = sourcecode.c.objc; path = main.m; sourceTree = "<group>"; };
		04E1226F1EA73D6B0078CDE8 /* AppDelegate.h */ = {isa = PBXFileReference; lastKnownFileType = sourcecode.c.h; path = AppDelegate.h; sourceTree = "<group>"; };
		04E122701EA73D6B0078CDE8 /* AppDelegate.m */ = {isa = PBXFileReference; lastKnownFileType = sourcecode.c.objc; path = AppDelegate.m; sourceTree = "<group>"; };
		04E122721EA73D6B0078CDE8 /* ViewController.h */ = {isa = PBXFileReference; lastKnownFileType = sourcecode.c.h; path = ViewController.h; sourceTree = "<group>"; };
		04E122731EA73D6B0078CDE8 /* ViewController.m */ = {isa = PBXFileReference; lastKnownFileType = sourcecode.c.objc; path = ViewController.m; sourceTree = "<group>"; };
		04E122761EA73D6B0078CDE8 /* Base */ = {isa = PBXFileReference; lastKnownFileType = file.storyboard; name = Base; path = Base.lproj/Main.storyboard; sourceTree = "<group>"; };
		04E122781EA73D6B0078CDE8 /* Assets.xcassets */ = {isa = PBXFileReference; lastKnownFileType = folder.assetcatalog; path = Assets.xcassets; sourceTree = "<group>"; };
		04E1227B1EA73D6B0078CDE8 /* Base */ = {isa = PBXFileReference; lastKnownFileType = file.storyboard; name = Base; path = Base.lproj/LaunchScreen.storyboard; sourceTree = "<group>"; };
		04E1227D1EA73D6B0078CDE8 /* Info.plist */ = {isa = PBXFileReference; lastKnownFileType = text.plist.xml; path = Info.plist; sourceTree = "<group>"; };
		04E122821EA73D6C0078CDE8 /* DrawStringTests.xctest */ = {isa = PBXFileReference; explicitFileType = wrapper.cfbundle; includeInIndex = 0; path = DrawStringTests.xctest; sourceTree = BUILT_PRODUCTS_DIR; };
		04E122861EA73D6C0078CDE8 /* DrawStringTests.m */ = {isa = PBXFileReference; lastKnownFileType = sourcecode.c.objc; path = DrawStringTests.m; sourceTree = "<group>"; };
		04E122881EA73D6C0078CDE8 /* Info.plist */ = {isa = PBXFileReference; lastKnownFileType = text.plist.xml; path = Info.plist; sourceTree = "<group>"; };
		04E1228D1EA73D6C0078CDE8 /* DrawStringUITests.xctest */ = {isa = PBXFileReference; explicitFileType = wrapper.cfbundle; includeInIndex = 0; path = DrawStringUITests.xctest; sourceTree = BUILT_PRODUCTS_DIR; };
		04E122911EA73D6C0078CDE8 /* DrawStringUITests.m */ = {isa = PBXFileReference; lastKnownFileType = sourcecode.c.objc; path = DrawStringUITests.m; sourceTree = "<group>"; };
		04E122931EA73D6C0078CDE8 /* Info.plist */ = {isa = PBXFileReference; lastKnownFileType = text.plist.xml; path = Info.plist; sourceTree = "<group>"; };
		04E1229F1EA73DE20078CDE8 /* AnimationLayer.h */ = {isa = PBXFileReference; fileEncoding = 4; lastKnownFileType = sourcecode.c.h; path = AnimationLayer.h; sourceTree = "<group>"; };
		04E122A01EA73DE20078CDE8 /* AnimationLayer.m */ = {isa = PBXFileReference; fileEncoding = 4; lastKnownFileType = sourcecode.c.objc; path = AnimationLayer.m; sourceTree = "<group>"; };
		04E122A31EA73F500078CDE8 /* 23.jpg */ = {isa = PBXFileReference; lastKnownFileType = image.jpeg; path = 23.jpg; sourceTree = "<group>"; };
		04E122A41EA73F500078CDE8 /* noun_project_347_2.png */ = {isa = PBXFileReference; lastKnownFileType = image.png; path = noun_project_347_2.png; sourceTree = "<group>"; };
		04E122A81EA740270078CDE8 /* CoreGraphics.framework */ = {isa = PBXFileReference; lastKnownFileType = wrapper.framework; name = CoreGraphics.framework; path = System/Library/Frameworks/CoreGraphics.framework; sourceTree = SDKROOT; };
/* End PBXFileReference section */

/* Begin PBXFrameworksBuildPhase section */
		04E122661EA73D6B0078CDE8 /* Frameworks */ = {
			isa = PBXFrameworksBuildPhase;
			buildActionMask = 2147483647;
			files = (
				04E122A91EA740270078CDE8 /* CoreGraphics.framework in Frameworks */,
			);
			runOnlyForDeploymentPostprocessing = 0;
		};
		04E1227F1EA73D6C0078CDE8 /* Frameworks */ = {
			isa = PBXFrameworksBuildPhase;
			buildActionMask = 2147483647;
			files = (
			);
			runOnlyForDeploymentPostprocessing = 0;
		};
		04E1228A1EA73D6C0078CDE8 /* Frameworks */ = {
			isa = PBXFrameworksBuildPhase;
			buildActionMask = 2147483647;
			files = (
			);
			runOnlyForDeploymentPostprocessing = 0;
		};
/* End PBXFrameworksBuildPhase section */

/* Begin PBXGroup section */
		04E122601EA73D6B0078CDE8 = {
			isa = PBXGroup;
			children = (
				04E122A21EA73F500078CDE8 /* Resource */,
				04E1226B1EA73D6B0078CDE8 /* DrawString */,
				04E122851EA73D6C0078CDE8 /* DrawStringTests */,
				04E122901EA73D6C0078CDE8 /* DrawStringUITests */,
				04E1226A1EA73D6B0078CDE8 /* Products */,
				04E122A71EA740270078CDE8 /* Frameworks */,
			);
			sourceTree = "<group>";
		};
		04E1226A1EA73D6B0078CDE8 /* Products */ = {
			isa = PBXGroup;
			children = (
				04E122691EA73D6B0078CDE8 /* DrawString.app */,
				04E122821EA73D6C0078CDE8 /* DrawStringTests.xctest */,
				04E1228D1EA73D6C0078CDE8 /* DrawStringUITests.xctest */,
			);
			name = Products;
			sourceTree = "<group>";
		};
		04E1226B1EA73D6B0078CDE8 /* DrawString */ = {
			isa = PBXGroup;
			children = (
				04E1226F1EA73D6B0078CDE8 /* AppDelegate.h */,
				04E122701EA73D6B0078CDE8 /* AppDelegate.m */,
				04E122721EA73D6B0078CDE8 /* ViewController.h */,
				04E122731EA73D6B0078CDE8 /* ViewController.m */,
				04E1229F1EA73DE20078CDE8 /* AnimationLayer.h */,
				04E122A01EA73DE20078CDE8 /* AnimationLayer.m */,
				04E122751EA73D6B0078CDE8 /* Main.storyboard */,
				04E122781EA73D6B0078CDE8 /* Assets.xcassets */,
				04E1227A1EA73D6B0078CDE8 /* LaunchScreen.storyboard */,
				04E1227D1EA73D6B0078CDE8 /* Info.plist */,
				04E1226C1EA73D6B0078CDE8 /* Supporting Files */,
			);
			path = DrawString;
			sourceTree = "<group>";
		};
		04E1226C1EA73D6B0078CDE8 /* Supporting Files */ = {
			isa = PBXGroup;
			children = (
				04E1226D1EA73D6B0078CDE8 /* main.m */,
			);
			name = "Supporting Files";
			sourceTree = "<group>";
		};
		04E122851EA73D6C0078CDE8 /* DrawStringTests */ = {
			isa = PBXGroup;
			children = (
				04E122861EA73D6C0078CDE8 /* DrawStringTests.m */,
				04E122881EA73D6C0078CDE8 /* Info.plist */,
			);
			path = DrawStringTests;
			sourceTree = "<group>";
		};
		04E122901EA73D6C0078CDE8 /* DrawStringUITests */ = {
			isa = PBXGroup;
			children = (
				04E122911EA73D6C0078CDE8 /* DrawStringUITests.m */,
				04E122931EA73D6C0078CDE8 /* Info.plist */,
			);
			path = DrawStringUITests;
			sourceTree = "<group>";
		};
		04E122A21EA73F500078CDE8 /* Resource */ = {
			isa = PBXGroup;
			children = (
				04E122A31EA73F500078CDE8 /* 23.jpg */,
				04E122A41EA73F500078CDE8 /* noun_project_347_2.png */,
			);
			name = Resource;
			path = DrawString/Resource;
			sourceTree = "<group>";
		};
		04E122A71EA740270078CDE8 /* Frameworks */ = {
			isa = PBXGroup;
			children = (
				04E122A81EA740270078CDE8 /* CoreGraphics.framework */,
			);
			name = Frameworks;
			sourceTree = "<group>";
		};
/* End PBXGroup section */

/* Begin PBXNativeTarget section */
		04E122681EA73D6B0078CDE8 /* DrawString */ = {
			isa = PBXNativeTarget;
			buildConfigurationList = 04E122961EA73D6C0078CDE8 /* Build configuration list for PBXNativeTarget "DrawString" */;
			buildPhases = (
				04E122651EA73D6B0078CDE8 /* Sources */,
				04E122661EA73D6B0078CDE8 /* Frameworks */,
				04E122671EA73D6B0078CDE8 /* Resources */,
			);
			buildRules = (
			);
			dependencies = (
			);
			name = DrawString;
			productName = DrawString;
			productReference = 04E122691EA73D6B0078CDE8 /* DrawString.app */;
			productType = "com.apple.product-type.application";
		};
		04E122811EA73D6C0078CDE8 /* DrawStringTests */ = {
			isa = PBXNativeTarget;
			buildConfigurationList = 04E122991EA73D6C0078CDE8 /* Build configuration list for PBXNativeTarget "DrawStringTests" */;
			buildPhases = (
				04E1227E1EA73D6C0078CDE8 /* Sources */,
				04E1227F1EA73D6C0078CDE8 /* Frameworks */,
				04E122801EA73D6C0078CDE8 /* Resources */,
			);
			buildRules = (
			);
			dependencies = (
				04E122841EA73D6C0078CDE8 /* PBXTargetDependency */,
			);
			name = DrawStringTests;
			productName = DrawStringTests;
			productReference = 04E122821EA73D6C0078CDE8 /* DrawStringTests.xctest */;
			productType = "com.apple.product-type.bundle.unit-test";
		};
		04E1228C1EA73D6C0078CDE8 /* DrawStringUITests */ = {
			isa = PBXNativeTarget;
			buildConfigurationList = 04E1229C1EA73D6C0078CDE8 /* Build configuration list for PBXNativeTarget "DrawStringUITests" */;
			buildPhases = (
				04E122891EA73D6C0078CDE8 /* Sources */,
				04E1228A1EA73D6C0078CDE8 /* Frameworks */,
				04E1228B1EA73D6C0078CDE8 /* Resources */,
			);
			buildRules = (
			);
			dependencies = (
				04E1228F1EA73D6C0078CDE8 /* PBXTargetDependency */,
			);
			name = DrawStringUITests;
			productName = DrawStringUITests;
			productReference = 04E1228D1EA73D6C0078CDE8 /* DrawStringUITests.xctest */;
			productType = "com.apple.product-type.bundle.ui-testing";
		};
/* End PBXNativeTarget section */

/* Begin PBXProject section */
		04E122611EA73D6B0078CDE8 /* Project object */ = {
			isa = PBXProject;
			attributes = {
				LastUpgradeCheck = 0800;
				ORGANIZATIONNAME = mac;
				TargetAttributes = {
					04E122681EA73D6B0078CDE8 = {
						CreatedOnToolsVersion = 8.0;
						ProvisioningStyle = Automatic;
					};
					04E122811EA73D6C0078CDE8 = {
						CreatedOnToolsVersion = 8.0;
						ProvisioningStyle = Automatic;
						TestTargetID = 04E122681EA73D6B0078CDE8;
					};
					04E1228C1EA73D6C0078CDE8 = {
						CreatedOnToolsVersion = 8.0;
						ProvisioningStyle = Automatic;
						TestTargetID = 04E122681EA73D6B0078CDE8;
					};
				};
			};
			buildConfigurationList = 04E122641EA73D6B0078CDE8 /* Build configuration list for PBXProject "DrawString" */;
			compatibilityVersion = "Xcode 3.2";
			developmentRegion = English;
			hasScannedForEncodings = 0;
			knownRegions = (
				en,
				Base,
			);
			mainGroup = 04E122601EA73D6B0078CDE8;
			productRefGroup = 04E1226A1EA73D6B0078CDE8 /* Products */;
			projectDirPath = "";
			projectRoot = "";
			targets = (
				04E122681EA73D6B0078CDE8 /* DrawString */,
				04E122811EA73D6C0078CDE8 /* DrawStringTests */,
				04E1228C1EA73D6C0078CDE8 /* DrawStringUITests */,
			);
		};
/* End PBXProject section */

/* Begin PBXResourcesBuildPhase section */
		04E122671EA73D6B0078CDE8 /* Resources */ = {
			isa = PBXResourcesBuildPhase;
			buildActionMask = 2147483647;
			files = (
				04E122A61EA73F500078CDE8 /* noun_project_347_2.png in Resources */,
				04E1227C1EA73D6B0078CDE8 /* LaunchScreen.storyboard in Resources */,
				04E122791EA73D6B0078CDE8 /* Assets.xcassets in Resources */,
				04E122A51EA73F500078CDE8 /* 23.jpg in Resources */,
				04E122771EA73D6B0078CDE8 /* Main.storyboard in Resources */,
			);
			runOnlyForDeploymentPostprocessing = 0;
		};
		04E122801EA73D6C0078CDE8 /* Resources */ = {
			isa = PBXResourcesBuildPhase;
			buildActionMask = 2147483647;
			files = (
			);
			runOnlyForDeploymentPostprocessing = 0;
		};
		04E1228B1EA73D6C0078CDE8 /* Resources */ = {
			isa = PBXResourcesBuildPhase;
			buildActionMask = 2147483647;
			files = (
			);
			runOnlyForDeploymentPostprocessing = 0;
		};
/* End PBXResourcesBuildPhase section */

/* Begin PBXSourcesBuildPhase section */
		04E122651EA73D6B0078CDE8 /* Sources */ = {
			isa = PBXSourcesBuildPhase;
			buildActionMask = 2147483647;
			files = (
				04E122A11EA73DE20078CDE8 /* AnimationLayer.m in Sources */,
				04E122741EA73D6B0078CDE8 /* ViewController.m in Sources */,
				04E122711EA73D6B0078CDE8 /* AppDelegate.m in Sources */,
				04E1226E1EA73D6B0078CDE8 /* main.m in Sources */,
			);
			runOnlyForDeploymentPostprocessing = 0;
		};
		04E1227E1EA73D6C0078CDE8 /* Sources */ = {
			isa = PBXSourcesBuildPhase;
			buildActionMask = 2147483647;
			files = (
				04E122871EA73D6C0078CDE8 /* DrawStringTests.m in Sources */,
			);
			runOnlyForDeploymentPostprocessing = 0;
		};
		04E122891EA73D6C0078CDE8 /* Sources */ = {
			isa = PBXSourcesBuildPhase;
			buildActionMask = 2147483647;
			files = (
				04E122921EA73D6C0078CDE8 /* DrawStringUITests.m in Sources */,
			);
			runOnlyForDeploymentPostprocessing = 0;
		};
/* End PBXSourcesBuildPhase section */

/* Begin PBXTargetDependency section */
		04E122841EA73D6C0078CDE8 /* PBXTargetDependency */ = {
			isa = PBXTargetDependency;
			target = 04E122681EA73D6B0078CDE8 /* DrawString */;
			targetProxy = 04E122831EA73D6C0078CDE8 /* PBXContainerItemProxy */;
		};
		04E1228F1EA73D6C0078CDE8 /* PBXTargetDependency */ = {
			isa = PBXTargetDependency;
			target = 04E122681EA73D6B0078CDE8 /* DrawString */;
			targetProxy = 04E1228E1EA73D6C0078CDE8 /* PBXContainerItemProxy */;
		};
/* End PBXTargetDependency section */

/* Begin PBXVariantGroup section */
		04E122751EA73D6B0078CDE8 /* Main.storyboard */ = {
			isa = PBXVariantGroup;
			children = (
				04E122761EA73D6B0078CDE8 /* Base */,
			);
			name = Main.storyboard;
			sourceTree = "<group>";
		};
		04E1227A1EA73D6B0078CDE8 /* LaunchScreen.storyboard */ = {
			isa = PBXVariantGroup;
			children = (
				04E1227B1EA73D6B0078CDE8 /* Base */,
			);
			name = LaunchScreen.storyboard;
			sourceTree = "<group>";
		};
/* End PBXVariantGroup section */

/* Begin XCBuildConfiguration section */
		04E122941EA73D6C0078CDE8 /* Debug */ = {
			isa = XCBuildConfiguration;
			buildSettings = {
				ALWAYS_SEARCH_USER_PATHS = NO;
				CLANG_ANALYZER_NONNULL = YES;
				CLANG_CXX_LANGUAGE_STANDARD = "gnu++0x";
				CLANG_CXX_LIBRARY = "libc++";
				CLANG_ENABLE_MODULES = YES;
				CLANG_ENABLE_OBJC_ARC = YES;
				CLANG_WARN_BOOL_CONVERSION = YES;
				CLANG_WARN_CONSTANT_CONVERSION = YES;
				CLANG_WARN_DIRECT_OBJC_ISA_USAGE = YES_ERROR;
				CLANG_WARN_DOCUMENTATION_COMMENTS = YES;
				CLANG_WARN_EMPTY_BODY = YES;
				CLANG_WARN_ENUM_CONVERSION = YES;
				CLANG_WARN_INFINITE_RECURSION = YES;
				CLANG_WARN_INT_CONVERSION = YES;
				CLANG_WARN_OBJC_ROOT_CLASS = YES_ERROR;
				CLANG_WARN_SUSPICIOUS_MOVES = YES;
				CLANG_WARN_UNREACHABLE_CODE = YES;
				CLANG_WARN__DUPLICATE_METHOD_MATCH = YES;
				"CODE_SIGN_IDENTITY[sdk=iphoneos*]" = "iPhone Developer";
				COPY_PHASE_STRIP = NO;
				DEBUG_INFORMATION_FORMAT = dwarf;
				ENABLE_STRICT_OBJC_MSGSEND = YES;
				ENABLE_TESTABILITY = YES;
				GCC_C_LANGUAGE_STANDARD = gnu99;
				GCC_DYNAMIC_NO_PIC = NO;
				GCC_NO_COMMON_BLOCKS = YES;
				GCC_OPTIMIZATION_LEVEL = 0;
				GCC_PREPROCESSOR_DEFINITIONS = (
					"DEBUG=1",
					"$(inherited)",
				);
				GCC_WARN_64_TO_32_BIT_CONVERSION = YES;
				GCC_WARN_ABOUT_RETURN_TYPE = YES_ERROR;
				GCC_WARN_UNDECLARED_SELECTOR = YES;
				GCC_WARN_UNINITIALIZED_AUTOS = YES_AGGRESSIVE;
				GCC_WARN_UNUSED_FUNCTION = YES;
				GCC_WARN_UNUSED_VARIABLE = YES;
				IPHONEOS_DEPLOYMENT_TARGET = 10.0;
				MTL_ENABLE_DEBUG_INFO = YES;
				ONLY_ACTIVE_ARCH = YES;
				SDKROOT = iphoneos;
			};
			name = Debug;
		};
		04E122951EA73D6C0078CDE8 /* Release */ = {
			isa = XCBuildConfiguration;
			buildSettings = {
				ALWAYS_SEARCH_USER_PATHS = NO;
				CLANG_ANALYZER_NONNULL = YES;
				CLANG_CXX_LANGUAGE_STANDARD = "gnu++0x";
				CLANG_CXX_LIBRARY = "libc++";
				CLANG_ENABLE_MODULES = YES;
				CLANG_ENABLE_OBJC_ARC = YES;
				CLANG_WARN_BOOL_CONVERSION = YES;
				CLANG_WARN_CONSTANT_CONVERSION = YES;
				CLANG_WARN_DIRECT_OBJC_ISA_USAGE = YES_ERROR;
				CLANG_WARN_DOCUMENTATION_COMMENTS = YES;
				CLANG_WARN_EMPTY_BODY = YES;
				CLANG_WARN_ENUM_CONVERSION = YES;
				CLANG_WARN_INFINITE_RECURSION = YES;
				CLANG_WARN_INT_CONVERSION = YES;
				CLANG_WARN_OBJC_ROOT_CLASS = YES_ERROR;
				CLANG_WARN_SUSPICIOUS_MOVES = YES;
				CLANG_WARN_UNREACHABLE_CODE = YES;
				CLANG_WARN__DUPLICATE_METHOD_MATCH = YES;
				"CODE_SIGN_IDENTITY[sdk=iphoneos*]" = "iPhone Developer";
				COPY_PHASE_STRIP = NO;
				DEBUG_INFORMATION_FORMAT = "dwarf-with-dsym";
				ENABLE_NS_ASSERTIONS = NO;
				ENABLE_STRICT_OBJC_MSGSEND = YES;
				GCC_C_LANGUAGE_STANDARD = gnu99;
				GCC_NO_COMMON_BLOCKS = YES;
				GCC_WARN_64_TO_32_BIT_CONVERSION = YES;
				GCC_WARN_ABOUT_RETURN_TYPE = YES_ERROR;
				GCC_WARN_UNDECLARED_SELECTOR = YES;
				GCC_WARN_UNINITIALIZED_AUTOS = YES_AGGRESSIVE;
				GCC_WARN_UNUSED_FUNCTION = YES;
				GCC_WARN_UNUSED_VARIABLE = YES;
				IPHONEOS_DEPLOYMENT_TARGET = 10.0;
				MTL_ENABLE_DEBUG_INFO = NO;
				SDKROOT = iphoneos;
				VALIDATE_PRODUCT = YES;
			};
			name = Release;
		};
		04E122971EA73D6C0078CDE8 /* Debug */ = {
			isa = XCBuildConfiguration;
			buildSettings = {
				ASSETCATALOG_COMPILER_APPICON_NAME = AppIcon;
				INFOPLIST_FILE = DrawString/Info.plist;
				LD_RUNPATH_SEARCH_PATHS = "$(inherited) @executable_path/Frameworks";
				PRODUCT_BUNDLE_IDENTIFIER = mac.DrawString;
				PRODUCT_NAME = "$(TARGET_NAME)";
			};
			name = Debug;
		};
		04E122981EA73D6C0078CDE8 /* Release */ = {
			isa = XCBuildConfiguration;
			buildSettings = {
				ASSETCATALOG_COMPILER_APPICON_NAME = AppIcon;
				INFOPLIST_FILE = DrawString/Info.plist;
				LD_RUNPATH_SEARCH_PATHS = "$(inherited) @executable_path/Frameworks";
				PRODUCT_BUNDLE_IDENTIFIER = mac.DrawString;
				PRODUCT_NAME = "$(TARGET_NAME)";
			};
			name = Release;
		};
		04E1229A1EA73D6C0078CDE8 /* Debug */ = {
			isa = XCBuildConfiguration;
			buildSettings = {
				BUNDLE_LOADER = "$(TEST_HOST)";
				INFOPLIST_FILE = DrawStringTests/Info.plist;
				LD_RUNPATH_SEARCH_PATHS = "$(inherited) @executable_path/Frameworks @loader_path/Frameworks";
				PRODUCT_BUNDLE_IDENTIFIER = mac.DrawStringTests;
				PRODUCT_NAME = "$(TARGET_NAME)";
				TEST_HOST = "$(BUILT_PRODUCTS_DIR)/DrawString.app/DrawString";
			};
			name = Debug;
		};
		04E1229B1EA73D6C0078CDE8 /* Release */ = {
			isa = XCBuildConfiguration;
			buildSettings = {
				BUNDLE_LOADER = "$(TEST_HOST)";
				INFOPLIST_FILE = DrawStringTests/Info.plist;
				LD_RUNPATH_SEARCH_PATHS = "$(inherited) @executable_path/Frameworks @loader_path/Frameworks";
				PRODUCT_BUNDLE_IDENTIFIER = mac.DrawStringTests;
				PRODUCT_NAME = "$(TARGET_NAME)";
				TEST_HOST = "$(BUILT_PRODUCTS_DIR)/DrawString.app/DrawString";
			};
			name = Release;
		};
		04E1229D1EA73D6C0078CDE8 /* Debug */ = {
			isa = XCBuildConfiguration;
			buildSettings = {
				INFOPLIST_FILE = DrawStringUITests/Info.plist;
				LD_RUNPATH_SEARCH_PATHS = "$(inherited) @executable_path/Frameworks @loader_path/Frameworks";
				PRODUCT_BUNDLE_IDENTIFIER = mac.DrawStringUITests;
				PRODUCT_NAME = "$(TARGET_NAME)";
				TEST_TARGET_NAME = DrawString;
			};
			name = Debug;
		};
		04E1229E1EA73D6C0078CDE8 /* Release */ = {
			isa = XCBuildConfiguration;
			buildSettings = {
				INFOPLIST_FILE = DrawStringUITests/Info.plist;
				LD_RUNPATH_SEARCH_PATHS = "$(inherited) @executable_path/Frameworks @loader_path/Frameworks";
				PRODUCT_BUNDLE_IDENTIFIER = mac.DrawStringUITests;
				PRODUCT_NAME = "$(TARGET_NAME)";
				TEST_TARGET_NAME = DrawString;
			};
			name = Release;
		};
/* End XCBuildConfiguration section */

/* Begin XCConfigurationList section */
		04E122641EA73D6B0078CDE8 /* Build configuration list for PBXProject "DrawString" */ = {
			isa = XCConfigurationList;
			buildConfigurations = (
				04E122941EA73D6C0078CDE8 /* Debug */,
				04E122951EA73D6C0078CDE8 /* Release */,
			);
			defaultConfigurationIsVisible = 0;
			defaultConfigurationName = Release;
		};
		04E122961EA73D6C0078CDE8 /* Build configuration list for PBXNativeTarget "DrawString" */ = {
			isa = XCConfigurationList;
			buildConfigurations = (
				04E122971EA73D6C0078CDE8 /* Debug */,
				04E122981EA73D6C0078CDE8 /* Release */,
			);
			defaultConfigurationIsVisible = 0;
		};
		04E122991EA73D6C0078CDE8 /* Build configuration list for PBXNativeTarget "DrawStringTests" */ = {
			isa = XCConfigurationList;
			buildConfigurations = (
				04E1229A1EA73D6C0078CDE8 /* Debug */,
				04E1229B1EA73D6C0078CDE8 /* Release */,
			);
			defaultConfigurationIsVisible = 0;
		};
		04E1229C1EA73D6C0078CDE8 /* Build configuration list for PBXNativeTarget "DrawStringUITests" */ = {
			isa = XCConfigurationList;
			buildConfigurations = (
				04E1229D1EA73D6C0078CDE8 /* Debug */,
				04E1229E1EA73D6C0078CDE8 /* Release */,
			);
			defaultConfigurationIsVisible = 0;
		};
/* End XCConfigurationList section */
	};
	rootObject = 04E122611EA73D6B0078CDE8 /* Project object */;
}
